
Microsoft Visual Studio Solution File, Format Version 12.00
# Visual Studio Version 16
VisualStudioVersion = 16.0.31205.134
MinimumVisualStudioVersion = 10.0.40219.1
Project("{FAE04EC0-301F-11D3-BF4B-00C04F79EFBC}") = "SleepyJoe", "SleepyJoe.csproj", "{A815C86E-840B-4269-B12F-8C9E264521D3}"
EndProject
Global
	GlobalSection(SolutionConfigurationPlatforms) = preSolution
		Debug|Any CPU = Debug|Any CPU
		Release|Any CPU = Release|Any CPU
	EndGlobalSection
	GlobalSection(ProjectConfigurationPlatforms) = postSolution
		{A815C86E-840B-4269-B12F-8C9E264521D3}.Debug|Any CPU.ActiveCfg = Debug|Any CPU
		{A815C86E-840B-4269-B12F-8C9E264521D3}.Debug|Any CPU.Build.0 = Debug|Any CPU
		{A815C86E-840B-4269-B12F-8C9E264521D3}.Release|Any CPU.ActiveCfg = Release|Any CPU
		{A815C86E-840B-4269-B12F-8C9E264521D3}.Release|Any CPU.Build.0 = Release|Any CPU
	EndGlobalSection
	GlobalSection(SolutionProperties) = preSolution
		HideSolutionNode = FALSE
	EndGlobalSection
	GlobalSection(ExtensibilityGlobals) = postSolution
		SolutionGuid = {7E656E31-216B-4B0E-B92B-9CFBFA9F17A9}
	EndGlobalSection
EndGlobal
